{
  "name": "SolinMusic-MiniApp",
  "version": "1.0.0",
  "lockfileVersion": 1,
  "requires": true,
  "dependencies": {
    "@vant/weapp": {
      "version": "1.10.0",
      "resolved": "https://registry.npmmirror.com/@vant/weapp/download/@vant/weapp-1.10.0.tgz",
      "integrity": "sha512-cNW2U98GlYwh8t4loEASyvukITlPohJM9HkAF8/dRSJrKm2689nqE8eeASFkWADdhqayGvy08cWoJhqMNh6ZXA=="
    },
    "flex-event-store": {
      "version": "1.0.6",
      "resolved": "https://registry.npmjs.org/flex-event-store/-/flex-event-store-1.0.6.tgz",
      "integrity": "sha512-I5Xk79Ohr1bj/11uQsI53TJiyUFCvdUuYTE9Lgu6yta4cYgXXiv8O20WBYqPfAX0+R4j9liQ2a+keJ3JkYIjaw=="
    }
  }
}
